// !$*UTF8*$!
{
	archiveVersion = 1;
	classes = {
	};
	objectVersion = 50;
	objects = {

/* Begin PBXBuildFile section */
		F5AF4BAE248F6F7E007FAED6 /* AppDelegate.swift in Sources */ = {isa = PBXBuildFile; fileRef = F5AF4BAD248F6F7E007FAED6 /* AppDelegate.swift */; };
		F5AF4BB0248F6F7E007FAED6 /* SceneDelegate.swift in Sources */ = {isa = PBXBuildFile; fileRef = F5AF4BAF248F6F7E007FAED6 /* SceneDelegate.swift */; };
		F5AF4BB2248F6F7E007FAED6 /* ViewController.swift in Sources */ = {isa = PBXBuildFile; fileRef = F5AF4BB1248F6F7E007FAED6 /* ViewController.swift */; };
		F5AF4BB5248F6F7E007FAED6 /* Main.storyboard in Resources */ = {isa = PBXBuildFile; fileRef = F5AF4BB3248F6F7E007FAED6 /* Main.storyboard */; };
		F5AF4BB7248F6F7F007FAED6 /* Assets.xcassets in Resources */ = {isa = PBXBuildFile; fileRef = F5AF4BB6248F6F7F007FAED6 /* Assets.xcassets */; };
		F5AF4BBA248F6F7F007FAED6 /* LaunchScreen.storyboard in Resources */ = {isa = PBXBuildFile; fileRef = F5AF4BB8248F6F7F007FAED6 /* LaunchScreen.storyboard */; };
/* End PBXBuildFile section */

/* Begin PBXFileReference section */
		F5AF4BAA248F6F7E007FAED6 /* CrazyBall.app */ = {isa = PBXFileReference; explicitFileType = wrapper.application; includeInIndex = 0; path = CrazyBall.app; sourceTree = BUILT_PRODUCTS_DIR; };
		F5AF4BAD248F6F7E007FAED6 /* AppDelegate.swift */ = {isa = PBXFileReference; lastKnownFileType = sourcecode.swift; path = AppDelegate.swift; sourceTree = "<group>"; };
		F5AF4BAF248F6F7E007FAED6 /* SceneDelegate.swift */ = {isa = PBXFileReference; lastKnownFileType = sourcecode.swift; path = SceneDelegate.swift; sourceTree = "<group>"; };
		F5AF4BB1248F6F7E007FAED6 /* ViewController.swift */ = {isa = PBXFileReference; lastKnownFileType = sourcecode.swift; path = ViewController.swift; sourceTree = "<group>"; };
		F5AF4BB4248F6F7E007FAED6 /* Base */ = {isa = PBXFileReference; lastKnownFileType = file.storyboard; name = Base; path = Base.lproj/Main.storyboard; sourceTree = "<group>"; };
		F5AF4BB6248F6F7F007FAED6 /* Assets.xcassets */ = {isa = PBXFileReference; lastKnownFileType = folder.assetcatalog; path = Assets.xcassets; sourceTree = "<group>"; };
		F5AF4BB9248F6F7F007FAED6 /* Base */ = {isa = PBXFileReference; lastKnownFileType = file.storyboard; name = Base; path = Base.lproj/LaunchScreen.storyboard; sourceTree = "<group>"; };
		F5AF4BBB248F6F7F007FAED6 /* Info.plist */ = {isa = PBXFileReference; lastKnownFileType = text.plist.xml; path = Info.plist; sourceTree = "<group>"; };
/* End PBXFileReference section */

/* Begin PBXFrameworksBuildPhase section */
		F5AF4BA7248F6F7E007FAED6 /* Frameworks */ = {
			isa = PBXFrameworksBuildPhase;
			buildActionMask = 2147483647;
			files = (
			);
			runOnlyForDeploymentPostprocessing = 0;
		};
/* End PBXFrameworksBuildPhase section */

/* Begin PBXGroup section */
		F5AF4BA1248F6F7E007FAED6 = {
			isa = PBXGroup;
			children = (
				F5AF4BAC248F6F7E007FAED6 /* CrazyBall */,
				F5AF4BAB248F6F7E007FAED6 /* Products */,
			);
			sourceTree = "<group>";
		};
		F5AF4BAB248F6F7E007FAED6 /* Products */ = {
			isa = PBXGroup;
			children = (
				F5AF4BAA248F6F7E007FAED6 /* CrazyBall.app */,
			);
			name = Products;
			sourceTree = "<group>";
		};
		F5AF4BAC248F6F7E007FAED6 /* CrazyBall */ = {
			isa = PBXGroup;
			children = (
				F5AF4BAD248F6F7E007FAED6 /* AppDelegate.swift */,
				F5AF4BAF248F6F7E007FAED6 /* SceneDelegate.swift */,
				F5AF4BB1248F6F7E007FAED6 /* ViewController.swift */,
				F5AF4BB3248F6F7E007FAED6 /* Main.storyboard */,
				F5AF4BB6248F6F7F007FAED6 /* Assets.xcassets */,
				F5AF4BB8248F6F7F007FAED6 /* LaunchScreen.storyboard */,
				F5AF4BBB248F6F7F007FAED6 /* Info.plist */,
			);
			path = CrazyBall;
			sourceTree = "<group>";
		};
/* End PBXGroup section */

/* Begin PBXNativeTarget section */
		F5AF4BA9248F6F7E007FAED6 /* CrazyBall */ = {
			isa = PBXNativeTarget;
			buildConfigurationList = F5AF4BBE248F6F7F007FAED6 /* Build configuration list for PBXNativeTarget "CrazyBall" */;
			buildPhases = (
				F5AF4BA6248F6F7E007FAED6 /* Sources */,
				F5AF4BA7248F6F7E007FAED6 /* Frameworks */,
				F5AF4BA8248F6F7E007FAED6 /* Resources */,
			);
			buildRules = (
			);
			dependencies = (
			);
			name = CrazyBall;
			productName = CrazyBall;
			productReference = F5AF4BAA248F6F7E007FAED6 /* CrazyBall.app */;
			productType = "com.apple.product-type.application";
		};
/* End PBXNativeTarget section */

/* Begin PBXProject section */
		F5AF4BA2248F6F7E007FAED6 /* Project object */ = {
			isa = PBXProject;
			attributes = {
				LastSwiftUpdateCheck = 1150;
				LastUpgradeCheck = 1150;
				ORGANIZATIONNAME = "Antonius F Aulia";
				TargetAttributes = {
					F5AF4BA9248F6F7E007FAED6 = {
						CreatedOnToolsVersion = 11.5;
					};
				};
			};
			buildConfigurationList = F5AF4BA5248F6F7E007FAED6 /* Build configuration list for PBXProject "CrazyBall" */;
			compatibilityVersion = "Xcode 9.3";
			developmentRegion = en;
			hasScannedForEncodings = 0;
			knownRegions = (
				en,
				Base,
			);
			mainGroup = F5AF4BA1248F6F7E007FAED6;
			productRefGroup = F5AF4BAB248F6F7E007FAED6 /* Products */;
			projectDirPath = "";
			projectRoot = "";
			targets = (
				F5AF4BA9248F6F7E007FAED6 /* CrazyBall */,
			);
		};
/* End PBXProject section */

/* Begin PBXResourcesBuildPhase section */
		F5AF4BA8248F6F7E007FAED6 /* Resources */ = {
			isa = PBXResourcesBuildPhase;
			buildActionMask = 2147483647;
			files = (
				F5AF4BBA248F6F7F007FAED6 /* LaunchScreen.storyboard in Resources */,
				F5AF4BB7248F6F7F007FAED6 /* Assets.xcassets in Resources */,
				F5AF4BB5248F6F7E007FAED6 /* Main.storyboard in Resources */,
			);
			runOnlyForDeploymentPostprocessing = 0;
		};
/* End PBXResourcesBuildPhase section */

/* Begin PBXSourcesBuildPhase section */
		F5AF4BA6248F6F7E007FAED6 /* Sources */ = {
			isa = PBXSourcesBuildPhase;
			buildActionMask = 2147483647;
			files = (
				F5AF4BB2248F6F7E007FAED6 /* ViewController.swift in Sources */,
				F5AF4BAE248F6F7E007FAED6 /* AppDelegate.swift in Sources */,
				F5AF4BB0248F6F7E007FAED6 /* SceneDelegate.swift in Sources */,
			);
			runOnlyForDeploymentPostprocessing = 0;
		};
/* End PBXSourcesBuildPhase section */

/* Begin PBXVariantGroup section */
		F5AF4BB3248F6F7E007FAED6 /* Main.storyboard */ = {
			isa = PBXVariantGroup;
			children = (
				F5AF4BB4248F6F7E007FAED6 /* Base */,
			);
			name = Main.storyboard;
			sourceTree = "<group>";
		};
		F5AF4BB8248F6F7F007FAED6 /* LaunchScreen.storyboard */ = {
			isa = PBXVariantGroup;
			children = (
				F5AF4BB9248F6F7F007FAED6 /* Base */,
			);
			name = LaunchScreen.storyboard;
			sourceTree = "<group>";
		};
/* End PBXVariantGroup section */

/* Begin XCBuildConfiguration section */
		F5AF4BBC248F6F7F007FAED6 /* Debug */ = {
			isa = XCBuildConfiguration;
			buildSettings = {
				ALWAYS_SEARCH_USER_PATHS = NO;
				CLANG_ANALYZER_NONNULL = YES;
				CLANG_ANALYZER_NUMBER_OBJECT_CONVERSION = YES_AGGRESSIVE;
				CLANG_CXX_LANGUAGE_STANDARD = "gnu++14";
				CLANG_CXX_LIBRARY = "libc++";
				CLANG_ENABLE_MODULES = YES;
				CLANG_ENABLE_OBJC_ARC = YES;
				CLANG_ENABLE_OBJC_WEAK = YES;
				CLANG_WARN_BLOCK_CAPTURE_AUTORELEASING = YES;
				CLANG_WARN_BOOL_CONVERSION = YES;
				CLANG_WARN_COMMA = YES;
				CLANG_WARN_CONSTANT_CONVERSION = YES;
				CLANG_WARN_DEPRECATED_OBJC_IMPLEMENTATIONS = YES;
				CLANG_WARN_DIRECT_OBJC_ISA_USAGE = YES_ERROR;
				CLANG_WARN_DOCUMENTATION_COMMENTS = YES;
				CLANG_WARN_EMPTY_BODY = YES;
				CLANG_WARN_ENUM_CONVERSION = YES;
				CLANG_WARN_INFINITE_RECURSION = YES;
				CLANG_WARN_INT_CONVERSION = YES;
				CLANG_WARN_NON_LITERAL_NULL_CONVERSION = YES;
				CLANG_WARN_OBJC_IMPLICIT_RETAIN_SELF = YES;
				CLANG_WARN_OBJC_LITERAL_CONVERSION = YES;
				CLANG_WARN_OBJC_ROOT_CLASS = YES_ERROR;
				CLANG_WARN_RANGE_LOOP_ANALYSIS = YES;
				CLANG_WARN_STRICT_PROTOTYPES = YES;
				CLANG_WARN_SUSPICIOUS_MOVE = YES;
				CLANG_WARN_UNGUARDED_AVAILABILITY = YES_AGGRESSIVE;
				CLANG_WARN_UNREACHABLE_CODE = YES;
				CLANG_WARN__DUPLICATE_METHOD_MATCH = YES;
				COPY_PHASE_STRIP = NO;
				DEBUG_INFORMATION_FORMAT = dwarf;
				ENABLE_STRICT_OBJC_MSGSEND = YES;
				ENABLE_TESTABILITY = YES;
				GCC_C_LANGUAGE_STANDARD = gnu11;
				GCC_DYNAMIC_NO_PIC = NO;
				GCC_NO_COMMON_BLOCKS = YES;
				GCC_OPTIMIZATION_LEVEL = 0;
				GCC_PREPROCESSOR_DEFINITIONS = (
					"DEBUG=1",
					"$(inherited)",
				);
				GCC_WARN_64_TO_32_BIT_CONVERSION = YES;
				GCC_WARN_ABOUT_RETURN_TYPE = YES_ERROR;
				GCC_WARN_UNDECLARED_SELECTOR = YES;
				GCC_WARN_UNINITIALIZED_AUTOS = YES_AGGRESSIVE;
				GCC_WARN_UNUSED_FUNCTION = YES;
				GCC_WARN_UNUSED_VARIABLE = YES;
				IPHONEOS_DEPLOYMENT_TARGET = 13.5;
				MTL_ENABLE_DEBUG_INFO = INCLUDE_SOURCE;
				MTL_FAST_MATH = YES;
				ONLY_ACTIVE_ARCH = YES;
				SDKROOT = iphoneos;
				SWIFT_ACTIVE_COMPILATION_CONDITIONS = DEBUG;
				SWIFT_OPTIMIZATION_LEVEL = "-Onone";
			};
			name = Debug;
		};
		F5AF4BBD248F6F7F007FAED6 /* Release */ = {
			isa = XCBuildConfiguration;
			buildSettings = {
				ALWAYS_SEARCH_USER_PATHS = NO;
				CLANG_ANALYZER_NONNULL = YES;
				CLANG_ANALYZER_NUMBER_OBJECT_CONVERSION = YES_AGGRESSIVE;
				CLANG_CXX_LANGUAGE_STANDARD = "gnu++14";
				CLANG_CXX_LIBRARY = "libc++";
				CLANG_ENABLE_MODULES = YES;
				CLANG_ENABLE_OBJC_ARC = YES;
				CLANG_ENABLE_OBJC_WEAK = YES;
				CLANG_WARN_BLOCK_CAPTURE_AUTORELEASING = YES;
				CLANG_WARN_BOOL_CONVERSION = YES;
				CLANG_WARN_COMMA = YES;
				CLANG_WARN_CONSTANT_CONVERSION = YES;
				CLANG_WARN_DEPRECATED_OBJC_IMPLEMENTATIONS = YES;
				CLANG_WARN_DIRECT_OBJC_ISA_USAGE = YES_ERROR;
				CLANG_WARN_DOCUMENTATION_COMMENTS = YES;
				CLANG_WARN_EMPTY_BODY = YES;
				CLANG_WARN_ENUM_CONVERSION = YES;
				CLANG_WARN_INFINITE_RECURSION = YES;
				CLANG_WARN_INT_CONVERSION = YES;
				CLANG_WARN_NON_LITERAL_NULL_CONVERSION = YES;
				CLANG_WARN_OBJC_IMPLICIT_RETAIN_SELF = YES;
				CLANG_WARN_OBJC_LITERAL_CONVERSION = YES;
				CLANG_WARN_OBJC_ROOT_CLASS = YES_ERROR;
				CLANG_WARN_RANGE_LOOP_ANALYSIS = YES;
				CLANG_WARN_STRICT_PROTOTYPES = YES;
				CLANG_WARN_SUSPICIOUS_MOVE = YES;
				CLANG_WARN_UNGUARDED_AVAILABILITY = YES_AGGRESSIVE;
				CLANG_WARN_UNREACHABLE_CODE = YES;
				CLANG_WARN__DUPLICATE_METHOD_MATCH = YES;
				COPY_PHASE_STRIP = NO;
				DEBUG_INFORMATION_FORMAT = "dwarf-with-dsym";
				ENABLE_NS_ASSERTIONS = NO;
				ENABLE_STRICT_OBJC_MSGSEND = YES;
				GCC_C_LANGUAGE_STANDARD = gnu11;
				GCC_NO_COMMON_BLOCKS = YES;
				GCC_WARN_64_TO_32_BIT_CONVERSION = YES;
				GCC_WARN_ABOUT_RETURN_TYPE = YES_ERROR;
				GCC_WARN_UNDECLARED_SELECTOR = YES;
				GCC_WARN_UNINITIALIZED_AUTOS = YES_AGGRESSIVE;
				GCC_WARN_UNUSED_FUNCTION = YES;
				GCC_WARN_UNUSED_VARIABLE = YES;
				IPHONEOS_DEPLOYMENT_TARGET = 13.5;
				MTL_ENABLE_DEBUG_INFO = NO;
				MTL_FAST_MATH = YES;
				SDKROOT = iphoneos;
				SWIFT_COMPILATION_MODE = wholemodule;
				SWIFT_OPTIMIZATION_LEVEL = "-O";
				VALIDATE_PRODUCT = YES;
			};
			name = Release;
		};
		F5AF4BBF248F6F7F007FAED6 /* Debug */ = {
			isa = XCBuildConfiguration;
			buildSettings = {
				ASSETCATALOG_COMPILER_APPICON_NAME = AppIcon;
				CODE_SIGN_STYLE = Automatic;
				DEVELOPMENT_TEAM = 878D8AKR4K;
				INFOPLIST_FILE = CrazyBall/Info.plist;
				LD_RUNPATH_SEARCH_PATHS = (
					"$(inherited)",
					"@executable_path/Frameworks",
				);
				PRODUCT_BUNDLE_IDENTIFIER = anton.aulia.CrazyBall;
				PRODUCT_NAME = "$(TARGET_NAME)";
				SWIFT_VERSION = 5.0;
				TARGETED_DEVICE_FAMILY = "1,2";
			};
			name = Debug;
		};
		F5AF4BC0248F6F7F007FAED6 /* Release */ = {
			isa = XCBuildConfiguration;
			buildSettings = {
				ASSETCATALOG_COMPILER_APPICON_NAME = AppIcon;
				CODE_SIGN_STYLE = Automatic;
				DEVELOPMENT_TEAM = 878D8AKR4K;
				INFOPLIST_FILE = CrazyBall/Info.plist;
				LD_RUNPATH_SEARCH_PATHS = (
					"$(inherited)",
					"@executable_path/Frameworks",
				);
				PRODUCT_BUNDLE_IDENTIFIER = anton.aulia.CrazyBall;
				PRODUCT_NAME = "$(TARGET_NAME)";
				SWIFT_VERSION = 5.0;
				TARGETED_DEVICE_FAMILY = "1,2";
			};
			name = Release;
		};
/* End XCBuildConfiguration section */

/* Begin XCConfigurationList section */
		F5AF4BA5248F6F7E007FAED6 /* Build configuration list for PBXProject "CrazyBall" */ = {
			isa = XCConfigurationList;
			buildConfigurations = (
				F5AF4BBC248F6F7F007FAED6 /* Debug */,
				F5AF4BBD248F6F7F007FAED6 /* Release */,
			);
			defaultConfigurationIsVisible = 0;
			defaultConfigurationName = Release;
		};
		F5AF4BBE248F6F7F007FAED6 /* Build configuration list for PBXNativeTarget "CrazyBall" */ = {
			isa = XCConfigurationList;
			buildConfigurations = (
				F5AF4BBF248F6F7F007FAED6 /* Debug */,
				F5AF4BC0248F6F7F007FAED6 /* Release */,
			);
			defaultConfigurationIsVisible = 0;
			defaultConfigurationName = Release;
		};
/* End XCConfigurationList section */
	};
	rootObject = F5AF4BA2248F6F7E007FAED6 /* Project object */;
}
